
Microsoft Visual Studio Solution File, Format Version 12.00
# Visual Studio 15
VisualStudioVersion = 15.0.28307.489
MinimumVisualStudioVersion = 10.0.40219.1
Project("{FAE04EC0-301F-11D3-BF4B-00C04F79EFBC}") = "MAPResServer", "MAPResServer\MAPResServer.csproj", "{9F565718-96AD-4428-8945-B4D107920114}"
EndProject
Global
	GlobalSection(SolutionConfigurationPlatforms) = preSolution
		Debug|Any CPU = Debug|Any CPU
		Release|Any CPU = Release|Any CPU
	EndGlobalSection
	GlobalSection(ProjectConfigurationPlatforms) = postSolution
		{9F565718-96AD-4428-8945-B4D107920114}.Debug|Any CPU.ActiveCfg = Debug|Any CPU
		{9F565718-96AD-4428-8945-B4D107920114}.Debug|Any CPU.Build.0 = Debug|Any CPU
		{9F565718-96AD-4428-8945-B4D107920114}.Release|Any CPU.ActiveCfg = Release|Any CPU
		{9F565718-96AD-4428-8945-B4D107920114}.Release|Any CPU.Build.0 = Release|Any CPU
	EndGlobalSection
	GlobalSection(SolutionProperties) = preSolution
		HideSolutionNode = FALSE
	EndGlobalSection
	GlobalSection(ExtensibilityGlobals) = postSolution
		SolutionGuid = {DBF8D688-5F00-46E3-AEE4-ACE2D2560B90}
	EndGlobalSection
EndGlobal
